
Microsoft Visual Studio Solution File, Format Version 12.00
# Visual Studio Version 17
VisualStudioVersion = 17.0.31903.59
MinimumVisualStudioVersion = 10.0.40219.1
Project("{FAE04EC0-301F-11D3-BF4B-00C04F79EFBC}") = "TestAPI", "TestAPI\TestAPI.csproj", "{3D490483-110F-4F65-BF80-ED3E7F0B986E}"
EndProject
Global
	GlobalSection(SolutionConfigurationPlatforms) = preSolution
		Debug|Any CPU = Debug|Any CPU
		Release|Any CPU = Release|Any CPU
	EndGlobalSection
	GlobalSection(ProjectConfigurationPlatforms) = postSolution
		{3D490483-110F-4F65-BF80-ED3E7F0B986E}.Debug|Any CPU.ActiveCfg = Debug|Any CPU
		{3D490483-110F-4F65-BF80-ED3E7F0B986E}.Debug|Any CPU.Build.0 = Debug|Any CPU
		{3D490483-110F-4F65-BF80-ED3E7F0B986E}.Release|Any CPU.ActiveCfg = Release|Any CPU
		{3D490483-110F-4F65-BF80-ED3E7F0B986E}.Release|Any CPU.Build.0 = Release|Any CPU
	EndGlobalSection
	GlobalSection(SolutionProperties) = preSolution
		HideSolutionNode = FALSE
	EndGlobalSection
	GlobalSection(ExtensibilityGlobals) = postSolution
		SolutionGuid = {A7AD549A-86C3-45A0-B840-185D220461D1}
	EndGlobalSection
EndGlobal
